
Microsoft Visual Studio Solution File, Format Version 12.00
# Visual Studio Version 17
VisualStudioVersion = 17.7.34024.191
MinimumVisualStudioVersion = 10.0.40219.1
Project("{9A19103F-16F7-4668-BE54-9A1E7A4F7556}") = "DemoApi", "DemoApi\DemoApi.csproj", "{3ED7E29F-58A5-4034-88DA-0924A7A5D4F6}"
EndProject
Project("{FAE04EC0-301F-11D3-BF4B-00C04F79EFBC}") = "ExerciceContactApi", "ExerciceContactApi\ExerciceContactApi.csproj", "{9B7E0128-F437-462C-876B-2F6CE9599D41}"
EndProject
Global
	GlobalSection(SolutionConfigurationPlatforms) = preSolution
		Debug|Any CPU = Debug|Any CPU
		Release|Any CPU = Release|Any CPU
	EndGlobalSection
	GlobalSection(ProjectConfigurationPlatforms) = postSolution
		{3ED7E29F-58A5-4034-88DA-0924A7A5D4F6}.Debug|Any CPU.ActiveCfg = Debug|Any CPU
		{3ED7E29F-58A5-4034-88DA-0924A7A5D4F6}.Debug|Any CPU.Build.0 = Debug|Any CPU
		{3ED7E29F-58A5-4034-88DA-0924A7A5D4F6}.Release|Any CPU.ActiveCfg = Release|Any CPU
		{3ED7E29F-58A5-4034-88DA-0924A7A5D4F6}.Release|Any CPU.Build.0 = Release|Any CPU
		{9B7E0128-F437-462C-876B-2F6CE9599D41}.Debug|Any CPU.ActiveCfg = Debug|Any CPU
		{9B7E0128-F437-462C-876B-2F6CE9599D41}.Debug|Any CPU.Build.0 = Debug|Any CPU
		{9B7E0128-F437-462C-876B-2F6CE9599D41}.Release|Any CPU.ActiveCfg = Release|Any CPU
		{9B7E0128-F437-462C-876B-2F6CE9599D41}.Release|Any CPU.Build.0 = Release|Any CPU
	EndGlobalSection
	GlobalSection(SolutionProperties) = preSolution
		HideSolutionNode = FALSE
	EndGlobalSection
	GlobalSection(ExtensibilityGlobals) = postSolution
		SolutionGuid = {4CAC2CB6-F5FF-4FF5-80B1-4BC2A6C1BA00}
	EndGlobalSection
EndGlobal
